{
  "name": "ocr",
  "version": "1.0.0",
  "lockfileVersion": 1,
  "requires": true,
  "dependencies": {
    "colo": {
      "version": "0.2.1",
      "resolved": "https://registry.npmjs.org/colo/-/colo-0.2.1.tgz",
      "integrity": "sha1-TdrGR1bdsGzCg1zVtcNj/qLMGzI="
    },
    "commander": {
      "version": "2.15.1",
      "resolved": "https://registry.npmjs.org/commander/-/commander-2.15.1.tgz",
      "integrity": "sha512-VlfT9F3V0v+jr4yxPc5gg9s62/fIVWsd2Bk2iD435um1NlGMYdVCq+MjcXnhYq2icNOizHr1kK+5TI6H0Hy0ag=="
    },
    "ocrad.js": {
      "version": "0.0.1",
      "resolved": "https://registry.npmjs.org/ocrad.js/-/ocrad.js-0.0.1.tgz",
      "integrity": "sha1-zZqj5jFx68MVoOAQmzwCSypSJI4="
    },
    "okrabyte": {
      "version": "0.1.1",
      "resolved": "https://registry.npmjs.org/okrabyte/-/okrabyte-0.1.1.tgz",
      "integrity": "sha1-kEtH0fC+gW8YrRaoDNZk/Fp8UGU=",
      "requires": {
        "colo": "0.2.1",
        "commander": "2.15.1",
        "ocrad.js": "0.0.1",
        "pngjs": "0.4.0",
        "simple-bufferstream": "0.0.4"
      }
    },
    "pngjs": {
      "version": "0.4.0",
      "resolved": "https://registry.npmjs.org/pngjs/-/pngjs-0.4.0.tgz",
      "integrity": "sha1-KUBxrcGytgv9SspNvkdZvM7m/Xc="
    },
    "simple-bufferstream": {
      "version": "0.0.4",
      "resolved": "https://registry.npmjs.org/simple-bufferstream/-/simple-bufferstream-0.0.4.tgz",
      "integrity": "sha1-FcpvRcxwVWzGtshDOSLX3Dvj+MU="
    }
  }
}
